// !$*UTF8*$!
{
	archiveVersion = 1;
	classes = {
	};
	objectVersion = 56;
	objects = {

/* Begin PBXBuildFile section */
		001 /* SwiftUIPlaygroundApp.swift in Sources */ = {isa = PBXBuildFile; fileRef = 101; };
		002 /* ContentView.swift in Sources */ = {isa = PBXBuildFile; fileRef = 102; };
		003 /* ComponentCategory.swift in Sources */ = {isa = PBXBuildFile; fileRef = 103; };
		004 /* ComponentPage.swift in Sources */ = {isa = PBXBuildFile; fileRef = 104; };
		005 /* CodePreview.swift in Sources */ = {isa = PBXBuildFile; fileRef = 105; };
		006 /* ParameterControl.swift in Sources */ = {isa = PBXBuildFile; fileRef = 106; };
		007 /* ButtonPlayground.swift in Sources */ = {isa = PBXBuildFile; fileRef = 107; };
		008 /* TogglePlayground.swift in Sources */ = {isa = PBXBuildFile; fileRef = 108; };
		009 /* SliderPlayground.swift in Sources */ = {isa = PBXBuildFile; fileRef = 109; };
		010 /* StepperPlayground.swift in Sources */ = {isa = PBXBuildFile; fileRef = 110; };
		011 /* PickerPlayground.swift in Sources */ = {isa = PBXBuildFile; fileRef = 111; };
		012 /* DatePickerPlayground.swift in Sources */ = {isa = PBXBuildFile; fileRef = 112; };
		013 /* ColorPickerPlayground.swift in Sources */ = {isa = PBXBuildFile; fileRef = 113; };
		014 /* TextFieldPlayground.swift in Sources */ = {isa = PBXBuildFile; fileRef = 114; };
		015 /* VStackPlayground.swift in Sources */ = {isa = PBXBuildFile; fileRef = 115; };
		016 /* HStackPlayground.swift in Sources */ = {isa = PBXBuildFile; fileRef = 116; };
		017 /* ZStackPlayground.swift in Sources */ = {isa = PBXBuildFile; fileRef = 117; };
		018 /* GridPlayground.swift in Sources */ = {isa = PBXBuildFile; fileRef = 118; };
		019 /* TextPlayground.swift in Sources */ = {isa = PBXBuildFile; fileRef = 119; };
		020 /* LabelPlayground.swift in Sources */ = {isa = PBXBuildFile; fileRef = 120; };
		021 /* ImagePlayground.swift in Sources */ = {isa = PBXBuildFile; fileRef = 121; };
		022 /* ListPlayground.swift in Sources */ = {isa = PBXBuildFile; fileRef = 122; };
		023 /* ScrollViewPlayground.swift in Sources */ = {isa = PBXBuildFile; fileRef = 123; };
		024 /* FormPlayground.swift in Sources */ = {isa = PBXBuildFile; fileRef = 124; };
		025 /* RectanglePlayground.swift in Sources */ = {isa = PBXBuildFile; fileRef = 125; };
		026 /* CirclePlayground.swift in Sources */ = {isa = PBXBuildFile; fileRef = 126; };
		027 /* Assets.xcassets in Resources */ = {isa = PBXBuildFile; fileRef = 200; };
		028 /* Preview Assets.xcassets in Resources */ = {isa = PBXBuildFile; fileRef = 201; };
		029 /* ProgressViewPlayground.swift in Sources */ = {isa = PBXBuildFile; fileRef = 127; };
		030 /* GaugePlayground.swift in Sources */ = {isa = PBXBuildFile; fileRef = 128; };
		031 /* MenuPlayground.swift in Sources */ = {isa = PBXBuildFile; fileRef = 129; };
		032 /* TabViewPlayground.swift in Sources */ = {isa = PBXBuildFile; fileRef = 130; };
		033 /* SheetPlayground.swift in Sources */ = {isa = PBXBuildFile; fileRef = 131; };
		034 /* AlertPlayground.swift in Sources */ = {isa = PBXBuildFile; fileRef = 132; };
		035 /* AsyncImagePlayground.swift in Sources */ = {isa = PBXBuildFile; fileRef = 133; };
		036 /* DividerPlayground.swift in Sources */ = {isa = PBXBuildFile; fileRef = 134; };
		037 /* SpacerPlayground.swift in Sources */ = {isa = PBXBuildFile; fileRef = 135; };
		038 /* ShadowPlayground.swift in Sources */ = {isa = PBXBuildFile; fileRef = 136; };
		039 /* BlurPlayground.swift in Sources */ = {isa = PBXBuildFile; fileRef = 137; };
		040 /* RotationPlayground.swift in Sources */ = {isa = PBXBuildFile; fileRef = 138; };
		041 /* SecureFieldPlayground.swift in Sources */ = {isa = PBXBuildFile; fileRef = 139; };
		042 /* TextEditorPlayground.swift in Sources */ = {isa = PBXBuildFile; fileRef = 140; };
		043 /* RoundedRectanglePlayground.swift in Sources */ = {isa = PBXBuildFile; fileRef = 141; };
		044 /* EllipsePlayground.swift in Sources */ = {isa = PBXBuildFile; fileRef = 142; };
		045 /* CapsulePlayground.swift in Sources */ = {isa = PBXBuildFile; fileRef = 143; };
		046 /* OpacityPlayground.swift in Sources */ = {isa = PBXBuildFile; fileRef = 144; };
		047 /* ScalePlayground.swift in Sources */ = {isa = PBXBuildFile; fileRef = 145; };
		048 /* TapGesturePlayground.swift in Sources */ = {isa = PBXBuildFile; fileRef = 146; };
		049 /* LongPressGesturePlayground.swift in Sources */ = {isa = PBXBuildFile; fileRef = 147; };
		050 /* DragGesturePlayground.swift in Sources */ = {isa = PBXBuildFile; fileRef = 148; };
		051 /* LinkPlayground.swift in Sources */ = {isa = PBXBuildFile; fileRef = 149; };
		052 /* ShareLinkPlayground.swift in Sources */ = {isa = PBXBuildFile; fileRef = 150; };
		053 /* DisclosureGroupPlayground.swift in Sources */ = {isa = PBXBuildFile; fileRef = 151; };
		054 /* ContentUnavailableViewPlayground.swift in Sources */ = {isa = PBXBuildFile; fileRef = 152; };
		055 /* MultiDatePickerPlayground.swift in Sources */ = {isa = PBXBuildFile; fileRef = 153; };
		056 /* ViewThatFitsPlayground.swift in Sources */ = {isa = PBXBuildFile; fileRef = 154; };
		057 /* TimelineViewPlayground.swift in Sources */ = {isa = PBXBuildFile; fileRef = 155; };
		058 /* GeometryReaderPlayground.swift in Sources */ = {isa = PBXBuildFile; fileRef = 156; };
		059 /* AnimationCurvesPlayground.swift in Sources */ = {isa = PBXBuildFile; fileRef = 157; };
		060 /* WithAnimationPlayground.swift in Sources */ = {isa = PBXBuildFile; fileRef = 158; };
		061 /* TransitionPlayground.swift in Sources */ = {isa = PBXBuildFile; fileRef = 159; };
		062 /* PhaseAnimatorPlayground.swift in Sources */ = {isa = PBXBuildFile; fileRef = 160; };
		063 /* FramePlayground.swift in Sources */ = {isa = PBXBuildFile; fileRef = 161; };
		064 /* PaddingPlayground.swift in Sources */ = {isa = PBXBuildFile; fileRef = 162; };
		065 /* BackgroundPlayground.swift in Sources */ = {isa = PBXBuildFile; fileRef = 163; };
		066 /* OverlayPlayground.swift in Sources */ = {isa = PBXBuildFile; fileRef = 164; };
		067 /* ClipShapePlayground.swift in Sources */ = {isa = PBXBuildFile; fileRef = 165; };
		068 /* NavigationLinkPlayground.swift in Sources */ = {isa = PBXBuildFile; fileRef = 166; };
		069 /* ToolbarPlayground.swift in Sources */ = {isa = PBXBuildFile; fileRef = 167; };
		070 /* NavigationSplitViewPlayground.swift in Sources */ = {isa = PBXBuildFile; fileRef = 168; };
		071 /* NavigationPathPlayground.swift in Sources */ = {isa = PBXBuildFile; fileRef = 169; };
/* End PBXBuildFile section */

/* Begin PBXFileReference section */
		100 /* SwiftUIPlayground.app */ = {isa = PBXFileReference; explicitFileType = wrapper.application; includeInIndex = 0; path = SwiftUIPlayground.app; sourceTree = BUILT_PRODUCTS_DIR; };
		101 /* SwiftUIPlaygroundApp.swift */ = {isa = PBXFileReference; lastKnownFileType = sourcecode.swift; path = SwiftUIPlaygroundApp.swift; sourceTree = "<group>"; };
		102 /* ContentView.swift */ = {isa = PBXFileReference; lastKnownFileType = sourcecode.swift; path = ContentView.swift; sourceTree = "<group>"; };
		103 /* ComponentCategory.swift */ = {isa = PBXFileReference; lastKnownFileType = sourcecode.swift; path = ComponentCategory.swift; sourceTree = "<group>"; };
		104 /* ComponentPage.swift */ = {isa = PBXFileReference; lastKnownFileType = sourcecode.swift; path = ComponentPage.swift; sourceTree = "<group>"; };
		105 /* CodePreview.swift */ = {isa = PBXFileReference; lastKnownFileType = sourcecode.swift; path = CodePreview.swift; sourceTree = "<group>"; };
		106 /* ParameterControl.swift */ = {isa = PBXFileReference; lastKnownFileType = sourcecode.swift; path = ParameterControl.swift; sourceTree = "<group>"; };
		107 /* ButtonPlayground.swift */ = {isa = PBXFileReference; lastKnownFileType = sourcecode.swift; path = ButtonPlayground.swift; sourceTree = "<group>"; };
		108 /* TogglePlayground.swift */ = {isa = PBXFileReference; lastKnownFileType = sourcecode.swift; path = TogglePlayground.swift; sourceTree = "<group>"; };
		109 /* SliderPlayground.swift */ = {isa = PBXFileReference; lastKnownFileType = sourcecode.swift; path = SliderPlayground.swift; sourceTree = "<group>"; };
		110 /* StepperPlayground.swift */ = {isa = PBXFileReference; lastKnownFileType = sourcecode.swift; path = StepperPlayground.swift; sourceTree = "<group>"; };
		111 /* PickerPlayground.swift */ = {isa = PBXFileReference; lastKnownFileType = sourcecode.swift; path = PickerPlayground.swift; sourceTree = "<group>"; };
		112 /* DatePickerPlayground.swift */ = {isa = PBXFileReference; lastKnownFileType = sourcecode.swift; path = DatePickerPlayground.swift; sourceTree = "<group>"; };
		113 /* ColorPickerPlayground.swift */ = {isa = PBXFileReference; lastKnownFileType = sourcecode.swift; path = ColorPickerPlayground.swift; sourceTree = "<group>"; };
		114 /* TextFieldPlayground.swift */ = {isa = PBXFileReference; lastKnownFileType = sourcecode.swift; path = TextFieldPlayground.swift; sourceTree = "<group>"; };
		115 /* VStackPlayground.swift */ = {isa = PBXFileReference; lastKnownFileType = sourcecode.swift; path = VStackPlayground.swift; sourceTree = "<group>"; };
		116 /* HStackPlayground.swift */ = {isa = PBXFileReference; lastKnownFileType = sourcecode.swift; path = HStackPlayground.swift; sourceTree = "<group>"; };
		117 /* ZStackPlayground.swift */ = {isa = PBXFileReference; lastKnownFileType = sourcecode.swift; path = ZStackPlayground.swift; sourceTree = "<group>"; };
		118 /* GridPlayground.swift */ = {isa = PBXFileReference; lastKnownFileType = sourcecode.swift; path = GridPlayground.swift; sourceTree = "<group>"; };
		119 /* TextPlayground.swift */ = {isa = PBXFileReference; lastKnownFileType = sourcecode.swift; path = TextPlayground.swift; sourceTree = "<group>"; };
		120 /* LabelPlayground.swift */ = {isa = PBXFileReference; lastKnownFileType = sourcecode.swift; path = LabelPlayground.swift; sourceTree = "<group>"; };
		121 /* ImagePlayground.swift */ = {isa = PBXFileReference; lastKnownFileType = sourcecode.swift; path = ImagePlayground.swift; sourceTree = "<group>"; };
		122 /* ListPlayground.swift */ = {isa = PBXFileReference; lastKnownFileType = sourcecode.swift; path = ListPlayground.swift; sourceTree = "<group>"; };
		123 /* ScrollViewPlayground.swift */ = {isa = PBXFileReference; lastKnownFileType = sourcecode.swift; path = ScrollViewPlayground.swift; sourceTree = "<group>"; };
		124 /* FormPlayground.swift */ = {isa = PBXFileReference; lastKnownFileType = sourcecode.swift; path = FormPlayground.swift; sourceTree = "<group>"; };
		125 /* RectanglePlayground.swift */ = {isa = PBXFileReference; lastKnownFileType = sourcecode.swift; path = RectanglePlayground.swift; sourceTree = "<group>"; };
		126 /* CirclePlayground.swift */ = {isa = PBXFileReference; lastKnownFileType = sourcecode.swift; path = CirclePlayground.swift; sourceTree = "<group>"; };
		127 /* ProgressViewPlayground.swift */ = {isa = PBXFileReference; lastKnownFileType = sourcecode.swift; path = ProgressViewPlayground.swift; sourceTree = "<group>"; };
		128 /* GaugePlayground.swift */ = {isa = PBXFileReference; lastKnownFileType = sourcecode.swift; path = GaugePlayground.swift; sourceTree = "<group>"; };
		129 /* MenuPlayground.swift */ = {isa = PBXFileReference; lastKnownFileType = sourcecode.swift; path = MenuPlayground.swift; sourceTree = "<group>"; };
		130 /* TabViewPlayground.swift */ = {isa = PBXFileReference; lastKnownFileType = sourcecode.swift; path = TabViewPlayground.swift; sourceTree = "<group>"; };
		131 /* SheetPlayground.swift */ = {isa = PBXFileReference; lastKnownFileType = sourcecode.swift; path = SheetPlayground.swift; sourceTree = "<group>"; };
		132 /* AlertPlayground.swift */ = {isa = PBXFileReference; lastKnownFileType = sourcecode.swift; path = AlertPlayground.swift; sourceTree = "<group>"; };
		133 /* AsyncImagePlayground.swift */ = {isa = PBXFileReference; lastKnownFileType = sourcecode.swift; path = AsyncImagePlayground.swift; sourceTree = "<group>"; };
		134 /* DividerPlayground.swift */ = {isa = PBXFileReference; lastKnownFileType = sourcecode.swift; path = DividerPlayground.swift; sourceTree = "<group>"; };
		135 /* SpacerPlayground.swift */ = {isa = PBXFileReference; lastKnownFileType = sourcecode.swift; path = SpacerPlayground.swift; sourceTree = "<group>"; };
		136 /* ShadowPlayground.swift */ = {isa = PBXFileReference; lastKnownFileType = sourcecode.swift; path = ShadowPlayground.swift; sourceTree = "<group>"; };
		137 /* BlurPlayground.swift */ = {isa = PBXFileReference; lastKnownFileType = sourcecode.swift; path = BlurPlayground.swift; sourceTree = "<group>"; };
		138 /* RotationPlayground.swift */ = {isa = PBXFileReference; lastKnownFileType = sourcecode.swift; path = RotationPlayground.swift; sourceTree = "<group>"; };
		139 /* SecureFieldPlayground.swift */ = {isa = PBXFileReference; lastKnownFileType = sourcecode.swift; path = SecureFieldPlayground.swift; sourceTree = "<group>"; };
		140 /* TextEditorPlayground.swift */ = {isa = PBXFileReference; lastKnownFileType = sourcecode.swift; path = TextEditorPlayground.swift; sourceTree = "<group>"; };
		141 /* RoundedRectanglePlayground.swift */ = {isa = PBXFileReference; lastKnownFileType = sourcecode.swift; path = RoundedRectanglePlayground.swift; sourceTree = "<group>"; };
		142 /* EllipsePlayground.swift */ = {isa = PBXFileReference; lastKnownFileType = sourcecode.swift; path = EllipsePlayground.swift; sourceTree = "<group>"; };
		143 /* CapsulePlayground.swift */ = {isa = PBXFileReference; lastKnownFileType = sourcecode.swift; path = CapsulePlayground.swift; sourceTree = "<group>"; };
		144 /* OpacityPlayground.swift */ = {isa = PBXFileReference; lastKnownFileType = sourcecode.swift; path = OpacityPlayground.swift; sourceTree = "<group>"; };
		145 /* ScalePlayground.swift */ = {isa = PBXFileReference; lastKnownFileType = sourcecode.swift; path = ScalePlayground.swift; sourceTree = "<group>"; };
		146 /* TapGesturePlayground.swift */ = {isa = PBXFileReference; lastKnownFileType = sourcecode.swift; path = TapGesturePlayground.swift; sourceTree = "<group>"; };
		147 /* LongPressGesturePlayground.swift */ = {isa = PBXFileReference; lastKnownFileType = sourcecode.swift; path = LongPressGesturePlayground.swift; sourceTree = "<group>"; };
		148 /* DragGesturePlayground.swift */ = {isa = PBXFileReference; lastKnownFileType = sourcecode.swift; path = DragGesturePlayground.swift; sourceTree = "<group>"; };
		149 /* LinkPlayground.swift */ = {isa = PBXFileReference; lastKnownFileType = sourcecode.swift; path = LinkPlayground.swift; sourceTree = "<group>"; };
		150 /* ShareLinkPlayground.swift */ = {isa = PBXFileReference; lastKnownFileType = sourcecode.swift; path = ShareLinkPlayground.swift; sourceTree = "<group>"; };
		151 /* DisclosureGroupPlayground.swift */ = {isa = PBXFileReference; lastKnownFileType = sourcecode.swift; path = DisclosureGroupPlayground.swift; sourceTree = "<group>"; };
		152 /* ContentUnavailableViewPlayground.swift */ = {isa = PBXFileReference; lastKnownFileType = sourcecode.swift; path = ContentUnavailableViewPlayground.swift; sourceTree = "<group>"; };
		153 /* MultiDatePickerPlayground.swift */ = {isa = PBXFileReference; lastKnownFileType = sourcecode.swift; path = MultiDatePickerPlayground.swift; sourceTree = "<group>"; };
		154 /* ViewThatFitsPlayground.swift */ = {isa = PBXFileReference; lastKnownFileType = sourcecode.swift; path = ViewThatFitsPlayground.swift; sourceTree = "<group>"; };
		155 /* TimelineViewPlayground.swift */ = {isa = PBXFileReference; lastKnownFileType = sourcecode.swift; path = TimelineViewPlayground.swift; sourceTree = "<group>"; };
		156 /* GeometryReaderPlayground.swift */ = {isa = PBXFileReference; lastKnownFileType = sourcecode.swift; path = GeometryReaderPlayground.swift; sourceTree = "<group>"; };
		157 /* AnimationCurvesPlayground.swift */ = {isa = PBXFileReference; lastKnownFileType = sourcecode.swift; path = AnimationCurvesPlayground.swift; sourceTree = "<group>"; };
		158 /* WithAnimationPlayground.swift */ = {isa = PBXFileReference; lastKnownFileType = sourcecode.swift; path = WithAnimationPlayground.swift; sourceTree = "<group>"; };
		159 /* TransitionPlayground.swift */ = {isa = PBXFileReference; lastKnownFileType = sourcecode.swift; path = TransitionPlayground.swift; sourceTree = "<group>"; };
		160 /* PhaseAnimatorPlayground.swift */ = {isa = PBXFileReference; lastKnownFileType = sourcecode.swift; path = PhaseAnimatorPlayground.swift; sourceTree = "<group>"; };
		161 /* FramePlayground.swift */ = {isa = PBXFileReference; lastKnownFileType = sourcecode.swift; path = FramePlayground.swift; sourceTree = "<group>"; };
		162 /* PaddingPlayground.swift */ = {isa = PBXFileReference; lastKnownFileType = sourcecode.swift; path = PaddingPlayground.swift; sourceTree = "<group>"; };
		163 /* BackgroundPlayground.swift */ = {isa = PBXFileReference; lastKnownFileType = sourcecode.swift; path = BackgroundPlayground.swift; sourceTree = "<group>"; };
		164 /* OverlayPlayground.swift */ = {isa = PBXFileReference; lastKnownFileType = sourcecode.swift; path = OverlayPlayground.swift; sourceTree = "<group>"; };
		165 /* ClipShapePlayground.swift */ = {isa = PBXFileReference; lastKnownFileType = sourcecode.swift; path = ClipShapePlayground.swift; sourceTree = "<group>"; };
		166 /* NavigationLinkPlayground.swift */ = {isa = PBXFileReference; lastKnownFileType = sourcecode.swift; path = NavigationLinkPlayground.swift; sourceTree = "<group>"; };
		167 /* ToolbarPlayground.swift */ = {isa = PBXFileReference; lastKnownFileType = sourcecode.swift; path = ToolbarPlayground.swift; sourceTree = "<group>"; };
		168 /* NavigationSplitViewPlayground.swift */ = {isa = PBXFileReference; lastKnownFileType = sourcecode.swift; path = NavigationSplitViewPlayground.swift; sourceTree = "<group>"; };
		169 /* NavigationPathPlayground.swift */ = {isa = PBXFileReference; lastKnownFileType = sourcecode.swift; path = NavigationPathPlayground.swift; sourceTree = "<group>"; };
		200 /* Assets.xcassets */ = {isa = PBXFileReference; lastKnownFileType = folder.assetcatalog; path = Assets.xcassets; sourceTree = "<group>"; };
		201 /* Preview Assets.xcassets */ = {isa = PBXFileReference; lastKnownFileType = folder.assetcatalog; path = "Preview Assets.xcassets"; sourceTree = "<group>"; };
/* End PBXFileReference section */

/* Begin PBXFrameworksBuildPhase section */
		300 /* Frameworks */ = {
			isa = PBXFrameworksBuildPhase;
			buildActionMask = 2147483647;
			files = (
			);
			runOnlyForDeploymentPostprocessing = 0;
		};
/* End PBXFrameworksBuildPhase section */

/* Begin PBXGroup section */
		400 = {
			isa = PBXGroup;
			children = (
				401 /* SwiftUIPlayground */,
				402 /* Products */,
			);
			sourceTree = "<group>";
		};
		401 /* SwiftUIPlayground */ = {
			isa = PBXGroup;
			children = (
				101 /* SwiftUIPlaygroundApp.swift */,
				403 /* Navigation */,
				404 /* Shared */,
				405 /* Components */,
				200 /* Assets.xcassets */,
				410 /* Preview Content */,
			);
			path = SwiftUIPlayground;
			sourceTree = "<group>";
		};
		402 /* Products */ = {
			isa = PBXGroup;
			children = (
				100 /* SwiftUIPlayground.app */,
			);
			name = Products;
			sourceTree = "<group>";
		};
		403 /* Navigation */ = {
			isa = PBXGroup;
			children = (
				102 /* ContentView.swift */,
				103 /* ComponentCategory.swift */,
			);
			path = Navigation;
			sourceTree = "<group>";
		};
		404 /* Shared */ = {
			isa = PBXGroup;
			children = (
				104 /* ComponentPage.swift */,
				105 /* CodePreview.swift */,
				106 /* ParameterControl.swift */,
			);
			path = Shared;
			sourceTree = "<group>";
		};
		405 /* Components */ = {
			isa = PBXGroup;
			children = (
				406 /* Controls */,
				407 /* Layout */,
				408 /* TextAndImages */,
				409 /* ListsAndContainers */,
				411 /* Shapes */,
				412 /* Effects */,
				413 /* Gestures */,
				414 /* Animation */,
				415 /* Modifiers */,
				416 /* NavigationComponents */,
			);
			path = Components;
			sourceTree = "<group>";
		};
		412 /* Effects */ = {
			isa = PBXGroup;
			children = (
				136 /* ShadowPlayground.swift */,
				137 /* BlurPlayground.swift */,
				138 /* RotationPlayground.swift */,
				144 /* OpacityPlayground.swift */,
				145 /* ScalePlayground.swift */,
			);
			path = Effects;
			sourceTree = "<group>";
		};
		413 /* Gestures */ = {
			isa = PBXGroup;
			children = (
				146 /* TapGesturePlayground.swift */,
				147 /* LongPressGesturePlayground.swift */,
				148 /* DragGesturePlayground.swift */,
			);
			path = Gestures;
			sourceTree = "<group>";
		};
		406 /* Controls */ = {
			isa = PBXGroup;
			children = (
				107 /* ButtonPlayground.swift */,
				108 /* TogglePlayground.swift */,
				109 /* SliderPlayground.swift */,
				110 /* StepperPlayground.swift */,
				111 /* PickerPlayground.swift */,
				112 /* DatePickerPlayground.swift */,
				113 /* ColorPickerPlayground.swift */,
				114 /* TextFieldPlayground.swift */,
				139 /* SecureFieldPlayground.swift */,
				140 /* TextEditorPlayground.swift */,
				127 /* ProgressViewPlayground.swift */,
				128 /* GaugePlayground.swift */,
				129 /* MenuPlayground.swift */,
				149 /* LinkPlayground.swift */,
				150 /* ShareLinkPlayground.swift */,
				153 /* MultiDatePickerPlayground.swift */,
			);
			path = Controls;
			sourceTree = "<group>";
		};
		407 /* Layout */ = {
			isa = PBXGroup;
			children = (
				115 /* VStackPlayground.swift */,
				116 /* HStackPlayground.swift */,
				117 /* ZStackPlayground.swift */,
				118 /* GridPlayground.swift */,
				134 /* DividerPlayground.swift */,
				135 /* SpacerPlayground.swift */,
				154 /* ViewThatFitsPlayground.swift */,
				155 /* TimelineViewPlayground.swift */,
				156 /* GeometryReaderPlayground.swift */,
			);
			path = Layout;
			sourceTree = "<group>";
		};
		408 /* TextAndImages */ = {
			isa = PBXGroup;
			children = (
				119 /* TextPlayground.swift */,
				120 /* LabelPlayground.swift */,
				121 /* ImagePlayground.swift */,
				133 /* AsyncImagePlayground.swift */,
			);
			path = TextAndImages;
			sourceTree = "<group>";
		};
		409 /* ListsAndContainers */ = {
			isa = PBXGroup;
			children = (
				122 /* ListPlayground.swift */,
				123 /* ScrollViewPlayground.swift */,
				124 /* FormPlayground.swift */,
				130 /* TabViewPlayground.swift */,
				131 /* SheetPlayground.swift */,
				132 /* AlertPlayground.swift */,
				151 /* DisclosureGroupPlayground.swift */,
				152 /* ContentUnavailableViewPlayground.swift */,
			);
			path = ListsAndContainers;
			sourceTree = "<group>";
		};
		410 /* Preview Content */ = {
			isa = PBXGroup;
			children = (
				201 /* Preview Assets.xcassets */,
			);
			path = "Preview Content";
			sourceTree = "<group>";
		};
		411 /* Shapes */ = {
			isa = PBXGroup;
			children = (
				125 /* RectanglePlayground.swift */,
				141 /* RoundedRectanglePlayground.swift */,
				126 /* CirclePlayground.swift */,
				142 /* EllipsePlayground.swift */,
				143 /* CapsulePlayground.swift */,
			);
			path = Shapes;
			sourceTree = "<group>";
		};
		414 /* Animation */ = {
			isa = PBXGroup;
			children = (
				157 /* AnimationCurvesPlayground.swift */,
				158 /* WithAnimationPlayground.swift */,
				159 /* TransitionPlayground.swift */,
				160 /* PhaseAnimatorPlayground.swift */,
			);
			path = Animation;
			sourceTree = "<group>";
		};
		415 /* Modifiers */ = {
			isa = PBXGroup;
			children = (
				161 /* FramePlayground.swift */,
				162 /* PaddingPlayground.swift */,
				163 /* BackgroundPlayground.swift */,
				164 /* OverlayPlayground.swift */,
				165 /* ClipShapePlayground.swift */,
			);
			path = Modifiers;
			sourceTree = "<group>";
		};
		416 /* NavigationComponents */ = {
			isa = PBXGroup;
			children = (
				166 /* NavigationLinkPlayground.swift */,
				167 /* ToolbarPlayground.swift */,
				168 /* NavigationSplitViewPlayground.swift */,
				169 /* NavigationPathPlayground.swift */,
			);
			path = Navigation;
			sourceTree = "<group>";
		};
/* End PBXGroup section */

/* Begin PBXNativeTarget section */
		500 /* SwiftUIPlayground */ = {
			isa = PBXNativeTarget;
			buildConfigurationList = 600;
			buildPhases = (
				501 /* Sources */,
				300 /* Frameworks */,
				502 /* Resources */,
			);
			buildRules = (
			);
			dependencies = (
			);
			name = SwiftUIPlayground;
			productName = SwiftUIPlayground;
			productReference = 100 /* SwiftUIPlayground.app */;
			productType = "com.apple.product-type.application";
		};
/* End PBXNativeTarget section */

/* Begin PBXProject section */
		700 /* Project object */ = {
			isa = PBXProject;
			attributes = {
				BuildIndependentTargetsInParallel = 1;
				LastSwiftUpdateCheck = 1500;
				LastUpgradeCheck = 1500;
				TargetAttributes = {
					500 = {
						CreatedOnToolsVersion = 15.0;
					};
				};
			};
			buildConfigurationList = 701;
			compatibilityVersion = "Xcode 14.0";
			developmentRegion = en;
			hasScannedForEncodings = 0;
			knownRegions = (
				en,
				Base,
			);
			mainGroup = 400;
			productRefGroup = 402 /* Products */;
			projectDirPath = "";
			projectRoot = "";
			targets = (
				500 /* SwiftUIPlayground */,
			);
		};
/* End PBXProject section */

/* Begin PBXResourcesBuildPhase section */
		502 /* Resources */ = {
			isa = PBXResourcesBuildPhase;
			buildActionMask = 2147483647;
			files = (
				027 /* Assets.xcassets in Resources */,
				028 /* Preview Assets.xcassets in Resources */,
			);
			runOnlyForDeploymentPostprocessing = 0;
		};
/* End PBXResourcesBuildPhase section */

/* Begin PBXSourcesBuildPhase section */
		501 /* Sources */ = {
			isa = PBXSourcesBuildPhase;
			buildActionMask = 2147483647;
			files = (
				001 /* SwiftUIPlaygroundApp.swift in Sources */,
				002 /* ContentView.swift in Sources */,
				003 /* ComponentCategory.swift in Sources */,
				004 /* ComponentPage.swift in Sources */,
				005 /* CodePreview.swift in Sources */,
				006 /* ParameterControl.swift in Sources */,
				007 /* ButtonPlayground.swift in Sources */,
				008 /* TogglePlayground.swift in Sources */,
				009 /* SliderPlayground.swift in Sources */,
				010 /* StepperPlayground.swift in Sources */,
				011 /* PickerPlayground.swift in Sources */,
				012 /* DatePickerPlayground.swift in Sources */,
				013 /* ColorPickerPlayground.swift in Sources */,
				014 /* TextFieldPlayground.swift in Sources */,
				015 /* VStackPlayground.swift in Sources */,
				016 /* HStackPlayground.swift in Sources */,
				017 /* ZStackPlayground.swift in Sources */,
				018 /* GridPlayground.swift in Sources */,
				019 /* TextPlayground.swift in Sources */,
				020 /* LabelPlayground.swift in Sources */,
				021 /* ImagePlayground.swift in Sources */,
				022 /* ListPlayground.swift in Sources */,
				023 /* ScrollViewPlayground.swift in Sources */,
				024 /* FormPlayground.swift in Sources */,
				025 /* RectanglePlayground.swift in Sources */,
				026 /* CirclePlayground.swift in Sources */,
				029 /* ProgressViewPlayground.swift in Sources */,
				030 /* GaugePlayground.swift in Sources */,
				031 /* MenuPlayground.swift in Sources */,
				032 /* TabViewPlayground.swift in Sources */,
				033 /* SheetPlayground.swift in Sources */,
				034 /* AlertPlayground.swift in Sources */,
				035 /* AsyncImagePlayground.swift in Sources */,
				036 /* DividerPlayground.swift in Sources */,
				037 /* SpacerPlayground.swift in Sources */,
				038 /* ShadowPlayground.swift in Sources */,
				039 /* BlurPlayground.swift in Sources */,
				040 /* RotationPlayground.swift in Sources */,
				041 /* SecureFieldPlayground.swift in Sources */,
				042 /* TextEditorPlayground.swift in Sources */,
				043 /* RoundedRectanglePlayground.swift in Sources */,
				044 /* EllipsePlayground.swift in Sources */,
				045 /* CapsulePlayground.swift in Sources */,
				046 /* OpacityPlayground.swift in Sources */,
				047 /* ScalePlayground.swift in Sources */,
				048 /* TapGesturePlayground.swift in Sources */,
				049 /* LongPressGesturePlayground.swift in Sources */,
				050 /* DragGesturePlayground.swift in Sources */,
				051 /* LinkPlayground.swift in Sources */,
				052 /* ShareLinkPlayground.swift in Sources */,
				053 /* DisclosureGroupPlayground.swift in Sources */,
				054 /* ContentUnavailableViewPlayground.swift in Sources */,
				055 /* MultiDatePickerPlayground.swift in Sources */,
				056 /* ViewThatFitsPlayground.swift in Sources */,
				057 /* TimelineViewPlayground.swift in Sources */,
				058 /* GeometryReaderPlayground.swift in Sources */,
				059 /* AnimationCurvesPlayground.swift in Sources */,
				060 /* WithAnimationPlayground.swift in Sources */,
				061 /* TransitionPlayground.swift in Sources */,
				062 /* PhaseAnimatorPlayground.swift in Sources */,
				063 /* FramePlayground.swift in Sources */,
				064 /* PaddingPlayground.swift in Sources */,
				065 /* BackgroundPlayground.swift in Sources */,
				066 /* OverlayPlayground.swift in Sources */,
				067 /* ClipShapePlayground.swift in Sources */,
				068 /* NavigationLinkPlayground.swift in Sources */,
				069 /* ToolbarPlayground.swift in Sources */,
				070 /* NavigationSplitViewPlayground.swift in Sources */,
				071 /* NavigationPathPlayground.swift in Sources */,
			);
			runOnlyForDeploymentPostprocessing = 0;
		};
/* End PBXSourcesBuildPhase section */

/* Begin XCBuildConfiguration section */
		800 /* Debug */ = {
			isa = XCBuildConfiguration;
			buildSettings = {
				ALWAYS_SEARCH_USER_PATHS = NO;
				ASSETCATALOG_COMPILER_GENERATE_SWIFT_ASSET_SYMBOL_EXTENSIONS = YES;
				CLANG_ANALYZER_NONNULL = YES;
				CLANG_ANALYZER_NUMBER_OBJECT_CONVERSION = YES_AGGRESSIVE;
				CLANG_CXX_LANGUAGE_STANDARD = "gnu++20";
				CLANG_ENABLE_MODULES = YES;
				CLANG_ENABLE_OBJC_ARC = YES;
				CLANG_ENABLE_OBJC_WEAK = YES;
				CLANG_WARN_BLOCK_CAPTURE_AUTORELEASING = YES;
				CLANG_WARN_BOOL_CONVERSION = YES;
				CLANG_WARN_COMMA = YES;
				CLANG_WARN_CONSTANT_CONVERSION = YES;
				CLANG_WARN_DEPRECATED_OBJC_IMPLEMENTATIONS = YES;
				CLANG_WARN_DIRECT_OBJC_ISA_USAGE = YES_ERROR;
				CLANG_WARN_DOCUMENTATION_COMMENTS = YES;
				CLANG_WARN_EMPTY_BODY = YES;
				CLANG_WARN_ENUM_CONVERSION = YES;
				CLANG_WARN_INFINITE_RECURSION = YES;
				CLANG_WARN_INT_CONVERSION = YES;
				CLANG_WARN_NON_LITERAL_NULL_CONVERSION = YES;
				CLANG_WARN_OBJC_IMPLICIT_RETAIN_SELF = YES;
				CLANG_WARN_OBJC_LITERAL_CONVERSION = YES;
				CLANG_WARN_OBJC_ROOT_CLASS = YES_ERROR;
				CLANG_WARN_QUOTED_INCLUDE_IN_FRAMEWORK_HEADER = YES;
				CLANG_WARN_RANGE_LOOP_ANALYSIS = YES;
				CLANG_WARN_STRICT_PROTOTYPES = YES;
				CLANG_WARN_SUSPICIOUS_MOVE = YES;
				CLANG_WARN_UNGUARDED_AVAILABILITY = YES_AGGRESSIVE;
				CLANG_WARN_UNREACHABLE_CODE = YES;
				CLANG_WARN__DUPLICATE_METHOD_MATCH = YES;
				COPY_PHASE_STRIP = NO;
				DEBUG_INFORMATION_FORMAT = dwarf;
				ENABLE_STRICT_OBJC_MSGSEND = YES;
				ENABLE_TESTABILITY = YES;
				ENABLE_USER_SCRIPT_SANDBOXING = YES;
				GCC_C_LANGUAGE_STANDARD = gnu17;
				GCC_DYNAMIC_NO_PIC = NO;
				GCC_NO_COMMON_BLOCKS = YES;
				GCC_OPTIMIZATION_LEVEL = 0;
				GCC_PREPROCESSOR_DEFINITIONS = (
					"DEBUG=1",
					"$(inherited)",
				);
				GCC_WARN_64_TO_32_BIT_CONVERSION = YES;
				GCC_WARN_ABOUT_RETURN_TYPE = YES_ERROR;
				GCC_WARN_UNDECLARED_SELECTOR = YES;
				GCC_WARN_UNINITIALIZED_AUTOS = YES_AGGRESSIVE;
				GCC_WARN_UNUSED_FUNCTION = YES;
				GCC_WARN_UNUSED_VARIABLE = YES;
				IPHONEOS_DEPLOYMENT_TARGET = 17.0;
				LOCALIZATION_PREFERS_STRING_CATALOGS = YES;
				MTL_ENABLE_DEBUG_INFO = INCLUDE_SOURCE;
				MTL_FAST_MATH = YES;
				ONLY_ACTIVE_ARCH = YES;
				SDKROOT = iphoneos;
				SWIFT_ACTIVE_COMPILATION_CONDITIONS = "DEBUG $(inherited)";
				SWIFT_OPTIMIZATION_LEVEL = "-Onone";
			};
			name = Debug;
		};
		801 /* Release */ = {
			isa = XCBuildConfiguration;
			buildSettings = {
				ALWAYS_SEARCH_USER_PATHS = NO;
				ASSETCATALOG_COMPILER_GENERATE_SWIFT_ASSET_SYMBOL_EXTENSIONS = YES;
				CLANG_ANALYZER_NONNULL = YES;
				CLANG_ANALYZER_NUMBER_OBJECT_CONVERSION = YES_AGGRESSIVE;
				CLANG_CXX_LANGUAGE_STANDARD = "gnu++20";
				CLANG_ENABLE_MODULES = YES;
				CLANG_ENABLE_OBJC_ARC = YES;
				CLANG_ENABLE_OBJC_WEAK = YES;
				CLANG_WARN_BLOCK_CAPTURE_AUTORELEASING = YES;
				CLANG_WARN_BOOL_CONVERSION = YES;
				CLANG_WARN_COMMA = YES;
				CLANG_WARN_CONSTANT_CONVERSION = YES;
				CLANG_WARN_DEPRECATED_OBJC_IMPLEMENTATIONS = YES;
				CLANG_WARN_DIRECT_OBJC_ISA_USAGE = YES_ERROR;
				CLANG_WARN_DOCUMENTATION_COMMENTS = YES;
				CLANG_WARN_EMPTY_BODY = YES;
				CLANG_WARN_ENUM_CONVERSION = YES;
				CLANG_WARN_INFINITE_RECURSION = YES;
				CLANG_WARN_INT_CONVERSION = YES;
				CLANG_WARN_NON_LITERAL_NULL_CONVERSION = YES;
				CLANG_WARN_OBJC_IMPLICIT_RETAIN_SELF = YES;
				CLANG_WARN_OBJC_LITERAL_CONVERSION = YES;
				CLANG_WARN_OBJC_ROOT_CLASS = YES_ERROR;
				CLANG_WARN_QUOTED_INCLUDE_IN_FRAMEWORK_HEADER = YES;
				CLANG_WARN_RANGE_LOOP_ANALYSIS = YES;
				CLANG_WARN_STRICT_PROTOTYPES = YES;
				CLANG_WARN_SUSPICIOUS_MOVE = YES;
				CLANG_WARN_UNGUARDED_AVAILABILITY = YES_AGGRESSIVE;
				CLANG_WARN_UNREACHABLE_CODE = YES;
				CLANG_WARN__DUPLICATE_METHOD_MATCH = YES;
				COPY_PHASE_STRIP = NO;
				DEBUG_INFORMATION_FORMAT = "dwarf-with-dsym";
				ENABLE_NS_ASSERTIONS = NO;
				ENABLE_STRICT_OBJC_MSGSEND = YES;
				ENABLE_USER_SCRIPT_SANDBOXING = YES;
				GCC_C_LANGUAGE_STANDARD = gnu17;
				GCC_NO_COMMON_BLOCKS = YES;
				GCC_WARN_64_TO_32_BIT_CONVERSION = YES;
				GCC_WARN_ABOUT_RETURN_TYPE = YES_ERROR;
				GCC_WARN_UNDECLARED_SELECTOR = YES;
				GCC_WARN_UNINITIALIZED_AUTOS = YES_AGGRESSIVE;
				GCC_WARN_UNUSED_FUNCTION = YES;
				GCC_WARN_UNUSED_VARIABLE = YES;
				IPHONEOS_DEPLOYMENT_TARGET = 17.0;
				LOCALIZATION_PREFERS_STRING_CATALOGS = YES;
				MTL_ENABLE_DEBUG_INFO = NO;
				MTL_FAST_MATH = YES;
				SDKROOT = iphoneos;
				SWIFT_COMPILATION_MODE = wholemodule;
				VALIDATE_PRODUCT = YES;
			};
			name = Release;
		};
		802 /* Debug */ = {
			isa = XCBuildConfiguration;
			buildSettings = {
				ASSETCATALOG_COMPILER_APPICON_NAME = AppIcon;
				ASSETCATALOG_COMPILER_GLOBAL_ACCENT_COLOR_NAME = AccentColor;
				CODE_SIGN_STYLE = Automatic;
				CURRENT_PROJECT_VERSION = 1;
				DEVELOPMENT_ASSET_PATHS = "\"SwiftUIPlayground/Preview Content\"";
				ENABLE_PREVIEWS = YES;
				GENERATE_INFOPLIST_FILE = YES;
				INFOPLIST_KEY_UIApplicationSceneManifest_Generation = YES;
				INFOPLIST_KEY_UIApplicationSupportsIndirectInputEvents = YES;
				INFOPLIST_KEY_UILaunchScreen_Generation = YES;
				INFOPLIST_KEY_UISupportedInterfaceOrientations_iPad = "UIInterfaceOrientationPortrait UIInterfaceOrientationPortraitUpsideDown UIInterfaceOrientationLandscapeLeft UIInterfaceOrientationLandscapeRight";
				INFOPLIST_KEY_UISupportedInterfaceOrientations_iPhone = "UIInterfaceOrientationPortrait UIInterfaceOrientationLandscapeLeft UIInterfaceOrientationLandscapeRight";
				LD_RUNPATH_SEARCH_PATHS = (
					"$(inherited)",
					"@executable_path/Frameworks",
				);
				MARKETING_VERSION = 1.0;
				PRODUCT_BUNDLE_IDENTIFIER = com.swiftuiplayground.app;
				PRODUCT_NAME = "$(TARGET_NAME)";
				SWIFT_EMIT_LOC_STRINGS = YES;
				SWIFT_VERSION = 5.0;
				TARGETED_DEVICE_FAMILY = "1,2";
			};
			name = Debug;
		};
		803 /* Release */ = {
			isa = XCBuildConfiguration;
			buildSettings = {
				ASSETCATALOG_COMPILER_APPICON_NAME = AppIcon;
				ASSETCATALOG_COMPILER_GLOBAL_ACCENT_COLOR_NAME = AccentColor;
				CODE_SIGN_STYLE = Automatic;
				CURRENT_PROJECT_VERSION = 1;
				DEVELOPMENT_ASSET_PATHS = "\"SwiftUIPlayground/Preview Content\"";
				ENABLE_PREVIEWS = YES;
				GENERATE_INFOPLIST_FILE = YES;
				INFOPLIST_KEY_UIApplicationSceneManifest_Generation = YES;
				INFOPLIST_KEY_UIApplicationSupportsIndirectInputEvents = YES;
				INFOPLIST_KEY_UILaunchScreen_Generation = YES;
				INFOPLIST_KEY_UISupportedInterfaceOrientations_iPad = "UIInterfaceOrientationPortrait UIInterfaceOrientationPortraitUpsideDown UIInterfaceOrientationLandscapeLeft UIInterfaceOrientationLandscapeRight";
				INFOPLIST_KEY_UISupportedInterfaceOrientations_iPhone = "UIInterfaceOrientationPortrait UIInterfaceOrientationLandscapeLeft UIInterfaceOrientationLandscapeRight";
				LD_RUNPATH_SEARCH_PATHS = (
					"$(inherited)",
					"@executable_path/Frameworks",
				);
				MARKETING_VERSION = 1.0;
				PRODUCT_BUNDLE_IDENTIFIER = com.swiftuiplayground.app;
				PRODUCT_NAME = "$(TARGET_NAME)";
				SWIFT_EMIT_LOC_STRINGS = YES;
				SWIFT_VERSION = 5.0;
				TARGETED_DEVICE_FAMILY = "1,2";
			};
			name = Release;
		};
/* End XCBuildConfiguration section */

/* Begin XCConfigurationList section */
		600 /* Build configuration list for PBXNativeTarget "SwiftUIPlayground" */ = {
			isa = XCConfigurationList;
			buildConfigurations = (
				802 /* Debug */,
				803 /* Release */,
			);
			defaultConfigurationIsVisible = 0;
			defaultConfigurationName = Release;
		};
		701 /* Build configuration list for PBXProject "SwiftUIPlayground" */ = {
			isa = XCConfigurationList;
			buildConfigurations = (
				800 /* Debug */,
				801 /* Release */,
			);
			defaultConfigurationIsVisible = 0;
			defaultConfigurationName = Release;
		};
/* End XCConfigurationList section */
	};
	rootObject = 700 /* Project object */;
}
